
Microsoft Visual Studio Solution File, Format Version 12.00
# Visual Studio 14
VisualStudioVersion = 14.0.25420.1
MinimumVisualStudioVersion = 10.0.40219.1
Project("{2150E333-8FDC-42A3-9474-1A3956D46DE8}") = "src", "src", "{57825051-150E-41C0-AB82-454D5565D2A2}"
EndProject
Project("{2150E333-8FDC-42A3-9474-1A3956D46DE8}") = "Solution Items", "Solution Items", "{CF37E866-E2C0-4FCD-ABA2-09D77882A8B8}"
	ProjectSection(SolutionItems) = preProject
		global.json = global.json
	EndProjectSection
EndProject
Project("{8BB2217D-0F2D-49D1-97BC-3654ED321F3B}") = "DockerIN2015", "src\DockerIN2015\DockerIN2015.xproj", "{C7F3DE8C-7CA9-4F36-88DE-68B689BD07B0}"
EndProject
Global
	GlobalSection(SolutionConfigurationPlatforms) = preSolution
		Debug|Any CPU = Debug|Any CPU
		Release|Any CPU = Release|Any CPU
	EndGlobalSection
	GlobalSection(ProjectConfigurationPlatforms) = postSolution
		{C7F3DE8C-7CA9-4F36-88DE-68B689BD07B0}.Debug|Any CPU.ActiveCfg = Debug|Any CPU
		{C7F3DE8C-7CA9-4F36-88DE-68B689BD07B0}.Debug|Any CPU.Build.0 = Debug|Any CPU
		{C7F3DE8C-7CA9-4F36-88DE-68B689BD07B0}.Release|Any CPU.ActiveCfg = Release|Any CPU
		{C7F3DE8C-7CA9-4F36-88DE-68B689BD07B0}.Release|Any CPU.Build.0 = Release|Any CPU
	EndGlobalSection
	GlobalSection(SolutionProperties) = preSolution
		HideSolutionNode = FALSE
	EndGlobalSection
	GlobalSection(NestedProjects) = preSolution
		{C7F3DE8C-7CA9-4F36-88DE-68B689BD07B0} = {57825051-150E-41C0-AB82-454D5565D2A2}
	EndGlobalSection
EndGlobal
